Microsoft Visual Studio Solution File, Format Version 12.00
# Visual Studio 15
VisualStudioVersion = 15.0.26430.12
MinimumVisualStudioVersion = 10.0.40219.1
Project("{2150E333-8FDC-42A3-9474-1A3956D46DE8}") = "e2etests", "e2etests", "{45E57CDC-7178-4915-8D0B-CF80F5E44AF6}"
EndProject
Project("{9A19103F-16F7-4668-BE54-9A1E7A4F7556}") = "E2ETest", "e2etest\E2ETest\E2ETest.csproj", "{D8BBC92A-B213-463B-911D-3A106F91D5F9}"
EndProject
Project("{9A19103F-16F7-4668-BE54-9A1E7A4F7556}") = "E2ETestFramework", "e2etest\E2ETestFramework\E2ETestFramework.csproj", "{A2500BD2-A9A2-4085-9978-DEE3675B02DD}"
EndProject
Project("{FAE04EC0-301F-11D3-BF4B-00C04F79EFBC}") = "Android.E2ETest", "e2etest\Android.E2ETest\Android.E2ETest.csproj", "{36A77431-95A0-4AA7-924A-A8F6C6C631C6}"
EndProject
Project("{FAE04EC0-301F-11D3-BF4B-00C04F79EFBC}") = "iOS.E2ETest", "e2etest\iOS.E2ETest\iOS.E2ETest.csproj", "{977A5F48-B0F3-4860-AA1A-5B3081ED7D98}"
EndProject
Global
	GlobalSection(SolutionConfigurationPlatforms) = preSolution
		AppStore|Any CPU = AppStore|Any CPU
		AppStore|ARM = AppStore|ARM
		AppStore|iPhone = AppStore|iPhone
		AppStore|iPhoneSimulator = AppStore|iPhoneSimulator
		AppStore|Mixed Platforms = AppStore|Mixed Platforms
		AppStore|x64 = AppStore|x64
		AppStore|x86 = AppStore|x86
		Debug|Any CPU = Debug|Any CPU
		Debug|ARM = Debug|ARM
		Debug|iPhone = Debug|iPhone
		Debug|iPhoneSimulator = Debug|iPhoneSimulator
		Debug|Mixed Platforms = Debug|Mixed Platforms
		Debug|x64 = Debug|x64
		Debug|x86 = Debug|x86
		Release|Any CPU = Release|Any CPU
		Release|ARM = Release|ARM
		Release|iPhone = Release|iPhone
		Release|iPhoneSimulator = Release|iPhoneSimulator
		Release|Mixed Platforms = Release|Mixed Platforms
		Release|x64 = Release|x64
		Release|x86 = Release|x86
		SdkRel|Any CPU = SdkRel|Any CPU
		SdkRel|ARM = SdkRel|ARM
		SdkRel|iPhone = SdkRel|iPhone
		SdkRel|iPhoneSimulator = SdkRel|iPhoneSimulator
		SdkRel|Mixed Platforms = SdkRel|Mixed Platforms
		SdkRel|x64 = SdkRel|x64
		SdkRel|x86 = SdkRel|x86
		Signed|Any CPU = Signed|Any CPU
		Signed|ARM = Signed|ARM
		Signed|iPhone = Signed|iPhone
		Signed|iPhoneSimulator = Signed|iPhoneSimulator
		Signed|Mixed Platforms = Signed|Mixed Platforms
		Signed|x64 = Signed|x64
		Signed|x86 = Signed|x86
	EndGlobalSection
	GlobalSection(ProjectConfigurationPlatforms) = postSolution
		{D8BBC92A-B213-463B-911D-3A106F91D5F9}.AppStore|Any CPU.ActiveCfg = Release|Any CPU
		{D8BBC92A-B213-463B-911D-3A106F91D5F9}.AppStore|Any CPU.Build.0 = Release|Any CPU
		{D8BBC92A-B213-463B-911D-3A106F91D5F9}.AppStore|ARM.ActiveCfg = Release|Any CPU
		{D8BBC92A-B213-463B-911D-3A106F91D5F9}.AppStore|ARM.Build.0 = Release|Any CPU
		{D8BBC92A-B213-463B-911D-3A106F91D5F9}.AppStore|iPhone.ActiveCfg = Release|Any CPU
		{D8BBC92A-B213-463B-911D-3A106F91D5F9}.AppStore|iPhone.Build.0 = Release|Any CPU
		{D8BBC92A-B213-463B-911D-3A106F91D5F9}.AppStore|iPhoneSimulator.ActiveCfg = Release|Any CPU
		{D8BBC92A-B213-463B-911D-3A106F91D5F9}.AppStore|iPhoneSimulator.Build.0 = Release|Any CPU
		{D8BBC92A-B213-463B-911D-3A106F91D5F9}.AppStore|Mixed Platforms.ActiveCfg = Release|Any CPU
		{D8BBC92A-B213-463B-911D-3A106F91D5F9}.AppStore|Mixed Platforms.Build.0 = Release|Any CPU
		{D8BBC92A-B213-463B-911D-3A106F91D5F9}.AppStore|x64.ActiveCfg = Release|Any CPU
		{D8BBC92A-B213-463B-911D-3A106F91D5F9}.AppStore|x64.Build.0 = Release|Any CPU
		{D8BBC92A-B213-463B-911D-3A106F91D5F9}.AppStore|x86.ActiveCfg = Release|Any CPU
		{D8BBC92A-B213-463B-911D-3A106F91D5F9}.AppStore|x86.Build.0 = Release|Any CPU
		{D8BBC92A-B213-463B-911D-3A106F91D5F9}.Debug|Any CPU.ActiveCfg = Debug|Any CPU
		{D8BBC92A-B213-463B-911D-3A106F91D5F9}.Debug|Any CPU.Build.0 = Debug|Any CPU
		{D8BBC92A-B213-463B-911D-3A106F91D5F9}.Debug|ARM.ActiveCfg = Debug|Any CPU
		{D8BBC92A-B213-463B-911D-3A106F91D5F9}.Debug|ARM.Build.0 = Debug|Any CPU
		{D8BBC92A-B213-463B-911D-3A106F91D5F9}.Debug|iPhone.ActiveCfg = Debug|Any CPU
		{D8BBC92A-B213-463B-911D-3A106F91D5F9}.Debug|iPhone.Build.0 = Debug|Any CPU
		{D8BBC92A-B213-463B-911D-3A106F91D5F9}.Debug|iPhoneSimulator.ActiveCfg = Debug|Any CPU
		{D8BBC92A-B213-463B-911D-3A106F91D5F9}.Debug|iPhoneSimulator.Build.0 = Debug|Any CPU
		{D8BBC92A-B213-463B-911D-3A106F91D5F9}.Debug|Mixed Platforms.ActiveCfg = Debug|Any CPU
		{D8BBC92A-B213-463B-911D-3A106F91D5F9}.Debug|Mixed Platforms.Build.0 = Debug|Any CPU
		{D8BBC92A-B213-463B-911D-3A106F91D5F9}.Debug|x64.ActiveCfg = Debug|Any CPU
		{D8BBC92A-B213-463B-911D-3A106F91D5F9}.Debug|x64.Build.0 = Debug|Any CPU
		{D8BBC92A-B213-463B-911D-3A106F91D5F9}.Debug|x86.ActiveCfg = Debug|Any CPU
		{D8BBC92A-B213-463B-911D-3A106F91D5F9}.Debug|x86.Build.0 = Debug|Any CPU
		{D8BBC92A-B213-463B-911D-3A106F91D5F9}.Release|Any CPU.ActiveCfg = Release|Any CPU
		{D8BBC92A-B213-463B-911D-3A106F91D5F9}.Release|Any CPU.Build.0 = Release|Any CPU
		{D8BBC92A-B213-463B-911D-3A106F91D5F9}.Release|ARM.ActiveCfg = Release|Any CPU
		{D8BBC92A-B213-463B-911D-3A106F91D5F9}.Release|ARM.Build.0 = Release|Any CPU
		{D8BBC92A-B213-463B-911D-3A106F91D5F9}.Release|iPhone.ActiveCfg = Release|Any CPU
		{D8BBC92A-B213-463B-911D-3A106F91D5F9}.Release|iPhone.Build.0 = Release|Any CPU
		{D8BBC92A-B213-463B-911D-3A106F91D5F9}.Release|iPhoneSimulator.ActiveCfg = Release|Any CPU
		{D8BBC92A-B213-463B-911D-3A106F91D5F9}.Release|iPhoneSimulator.Build.0 = Release|Any CPU
		{D8BBC92A-B213-463B-911D-3A106F91D5F9}.Release|Mixed Platforms.ActiveCfg = Release|Any CPU
		{D8BBC92A-B213-463B-911D-3A106F91D5F9}.Release|Mixed Platforms.Build.0 = Release|Any CPU
		{D8BBC92A-B213-463B-911D-3A106F91D5F9}.Release|x64.ActiveCfg = Release|Any CPU
		{D8BBC92A-B213-463B-911D-3A106F91D5F9}.Release|x64.Build.0 = Release|Any CPU
		{D8BBC92A-B213-463B-911D-3A106F91D5F9}.Release|x86.ActiveCfg = Release|Any CPU
		{D8BBC92A-B213-463B-911D-3A106F91D5F9}.Release|x86.Build.0 = Release|Any CPU
		{D8BBC92A-B213-463B-911D-3A106F91D5F9}.SdkRel|Any CPU.ActiveCfg = Release|Any CPU
		{D8BBC92A-B213-463B-911D-3A106F91D5F9}.SdkRel|Any CPU.Build.0 = Release|Any CPU
		{D8BBC92A-B213-463B-911D-3A106F91D5F9}.SdkRel|ARM.ActiveCfg = Release|Any CPU
		{D8BBC92A-B213-463B-911D-3A106F91D5F9}.SdkRel|ARM.Build.0 = Release|Any CPU
		{D8BBC92A-B213-463B-911D-3A106F91D5F9}.SdkRel|iPhone.ActiveCfg = Release|Any CPU
		{D8BBC92A-B213-463B-911D-3A106F91D5F9}.SdkRel|iPhone.Build.0 = Release|Any CPU
		{D8BBC92A-B213-463B-911D-3A106F91D5F9}.SdkRel|iPhoneSimulator.ActiveCfg = Release|Any CPU
		{D8BBC92A-B213-463B-911D-3A106F91D5F9}.SdkRel|iPhoneSimulator.Build.0 = Release|Any CPU
		{D8BBC92A-B213-463B-911D-3A106F91D5F9}.SdkRel|Mixed Platforms.ActiveCfg = Release|Any CPU
		{D8BBC92A-B213-463B-911D-3A106F91D5F9}.SdkRel|Mixed Platforms.Build.0 = Release|Any CPU
		{D8BBC92A-B213-463B-911D-3A106F91D5F9}.SdkRel|x64.ActiveCfg = Release|Any CPU
		{D8BBC92A-B213-463B-911D-3A106F91D5F9}.SdkRel|x64.Build.0 = Release|Any CPU
		{D8BBC92A-B213-463B-911D-3A106F91D5F9}.SdkRel|x86.ActiveCfg = Release|Any CPU
		{D8BBC92A-B213-463B-911D-3A106F91D5F9}.SdkRel|x86.Build.0 = Release|Any CPU
		{D8BBC92A-B213-463B-911D-3A106F91D5F9}.Signed|Any CPU.ActiveCfg = Release|Any CPU
		{D8BBC92A-B213-463B-911D-3A106F91D5F9}.Signed|Any CPU.Build.0 = Release|Any CPU
		{D8BBC92A-B213-463B-911D-3A106F91D5F9}.Signed|ARM.ActiveCfg = Release|Any CPU
		{D8BBC92A-B213-463B-911D-3A106F91D5F9}.Signed|ARM.Build.0 = Release|Any CPU
		{D8BBC92A-B213-463B-911D-3A106F91D5F9}.Signed|iPhone.ActiveCfg = Release|Any CPU
		{D8BBC92A-B213-463B-911D-3A106F91D5F9}.Signed|iPhone.Build.0 = Release|Any CPU
		{D8BBC92A-B213-463B-911D-3A106F91D5F9}.Signed|iPhoneSimulator.ActiveCfg = Release|Any CPU
		{D8BBC92A-B213-463B-911D-3A106F91D5F9}.Signed|iPhoneSimulator.Build.0 = Release|Any CPU
		{D8BBC92A-B213-463B-911D-3A106F91D5F9}.Signed|Mixed Platforms.ActiveCfg = Release|Any CPU
		{D8BBC92A-B213-463B-911D-3A106F91D5F9}.Signed|Mixed Platforms.Build.0 = Release|Any CPU
		{D8BBC92A-B213-463B-911D-3A106F91D5F9}.Signed|x64.ActiveCfg = Release|Any CPU
		{D8BBC92A-B213-463B-911D-3A106F91D5F9}.Signed|x64.Build.0 = Release|Any CPU
		{D8BBC92A-B213-463B-911D-3A106F91D5F9}.Signed|x86.ActiveCfg = Release|Any CPU
		{D8BBC92A-B213-463B-911D-3A106F91D5F9}.Signed|x86.Build.0 = Release|Any CPU
		{A2500BD2-A9A2-4085-9978-DEE3675B02DD}.AppStore|Any CPU.ActiveCfg = Release|Any CPU
		{A2500BD2-A9A2-4085-9978-DEE3675B02DD}.AppStore|Any CPU.Build.0 = Release|Any CPU
		{A2500BD2-A9A2-4085-9978-DEE3675B02DD}.AppStore|ARM.ActiveCfg = Release|Any CPU
		{A2500BD2-A9A2-4085-9978-DEE3675B02DD}.AppStore|ARM.Build.0 = Release|Any CPU
		{A2500BD2-A9A2-4085-9978-DEE3675B02DD}.AppStore|iPhone.ActiveCfg = Release|Any CPU
		{A2500BD2-A9A2-4085-9978-DEE3675B02DD}.AppStore|iPhone.Build.0 = Release|Any CPU
		{A2500BD2-A9A2-4085-9978-DEE3675B02DD}.AppStore|iPhoneSimulator.ActiveCfg = Release|Any CPU
		{A2500BD2-A9A2-4085-9978-DEE3675B02DD}.AppStore|iPhoneSimulator.Build.0 = Release|Any CPU
		{A2500BD2-A9A2-4085-9978-DEE3675B02DD}.AppStore|Mixed Platforms.ActiveCfg = Release|Any CPU
		{A2500BD2-A9A2-4085-9978-DEE3675B02DD}.AppStore|Mixed Platforms.Build.0 = Release|Any CPU
		{A2500BD2-A9A2-4085-9978-DEE3675B02DD}.AppStore|x64.ActiveCfg = Release|Any CPU
		{A2500BD2-A9A2-4085-9978-DEE3675B02DD}.AppStore|x64.Build.0 = Release|Any CPU
		{A2500BD2-A9A2-4085-9978-DEE3675B02DD}.AppStore|x86.ActiveCfg = Release|Any CPU
		{A2500BD2-A9A2-4085-9978-DEE3675B02DD}.AppStore|x86.Build.0 = Release|Any CPU
		{A2500BD2-A9A2-4085-9978-DEE3675B02DD}.Debug|Any CPU.ActiveCfg = Debug|Any CPU
		{A2500BD2-A9A2-4085-9978-DEE3675B02DD}.Debug|Any CPU.Build.0 = Debug|Any CPU
		{A2500BD2-A9A2-4085-9978-DEE3675B02DD}.Debug|ARM.ActiveCfg = Debug|Any CPU
		{A2500BD2-A9A2-4085-9978-DEE3675B02DD}.Debug|ARM.Build.0 = Debug|Any CPU
		{A2500BD2-A9A2-4085-9978-DEE3675B02DD}.Debug|iPhone.ActiveCfg = Debug|Any CPU
		{A2500BD2-A9A2-4085-9978-DEE3675B02DD}.Debug|iPhone.Build.0 = Debug|Any CPU
		{A2500BD2-A9A2-4085-9978-DEE3675B02DD}.Debug|iPhoneSimulator.ActiveCfg = Debug|Any CPU
		{A2500BD2-A9A2-4085-9978-DEE3675B02DD}.Debug|iPhoneSimulator.Build.0 = Debug|Any CPU
		{A2500BD2-A9A2-4085-9978-DEE3675B02DD}.Debug|Mixed Platforms.ActiveCfg = Debug|Any CPU
		{A2500BD2-A9A2-4085-9978-DEE3675B02DD}.Debug|Mixed Platforms.Build.0 = Debug|Any CPU
		{A2500BD2-A9A2-4085-9978-DEE3675B02DD}.Debug|x64.ActiveCfg = Debug|Any CPU
		{A2500BD2-A9A2-4085-9978-DEE3675B02DD}.Debug|x64.Build.0 = Debug|Any CPU
		{A2500BD2-A9A2-4085-9978-DEE3675B02DD}.Debug|x86.ActiveCfg = Debug|Any CPU
		{A2500BD2-A9A2-4085-9978-DEE3675B02DD}.Debug|x86.Build.0 = Debug|Any CPU
		{A2500BD2-A9A2-4085-9978-DEE3675B02DD}.Release|Any CPU.ActiveCfg = Release|Any CPU
		{A2500BD2-A9A2-4085-9978-DEE3675B02DD}.Release|Any CPU.Build.0 = Release|Any CPU
		{A2500BD2-A9A2-4085-9978-DEE3675B02DD}.Release|ARM.ActiveCfg = Release|Any CPU
		{A2500BD2-A9A2-4085-9978-DEE3675B02DD}.Release|ARM.Build.0 = Release|Any CPU
		{A2500BD2-A9A2-4085-9978-DEE3675B02DD}.Release|iPhone.ActiveCfg = Release|Any CPU
		{A2500BD2-A9A2-4085-9978-DEE3675B02DD}.Release|iPhone.Build.0 = Release|Any CPU
		{A2500BD2-A9A2-4085-9978-DEE3675B02DD}.Release|iPhoneSimulator.ActiveCfg = Release|Any CPU
		{A2500BD2-A9A2-4085-9978-DEE3675B02DD}.Release|iPhoneSimulator.Build.0 = Release|Any CPU
		{A2500BD2-A9A2-4085-9978-DEE3675B02DD}.Release|Mixed Platforms.ActiveCfg = Release|Any CPU
		{A2500BD2-A9A2-4085-9978-DEE3675B02DD}.Release|Mixed Platforms.Build.0 = Release|Any CPU
		{A2500BD2-A9A2-4085-9978-DEE3675B02DD}.Release|x64.ActiveCfg = Release|Any CPU
		{A2500BD2-A9A2-4085-9978-DEE3675B02DD}.Release|x64.Build.0 = Release|Any CPU
		{A2500BD2-A9A2-4085-9978-DEE3675B02DD}.Release|x86.ActiveCfg = Release|Any CPU
		{A2500BD2-A9A2-4085-9978-DEE3675B02DD}.Release|x86.Build.0 = Release|Any CPU
		{A2500BD2-A9A2-4085-9978-DEE3675B02DD}.SdkRel|Any CPU.ActiveCfg = Release|Any CPU
		{A2500BD2-A9A2-4085-9978-DEE3675B02DD}.SdkRel|Any CPU.Build.0 = Release|Any CPU
		{A2500BD2-A9A2-4085-9978-DEE3675B02DD}.SdkRel|ARM.ActiveCfg = Release|Any CPU
		{A2500BD2-A9A2-4085-9978-DEE3675B02DD}.SdkRel|ARM.Build.0 = Release|Any CPU
		{A2500BD2-A9A2-4085-9978-DEE3675B02DD}.SdkRel|iPhone.ActiveCfg = Release|Any CPU
		{A2500BD2-A9A2-4085-9978-DEE3675B02DD}.SdkRel|iPhone.Build.0 = Release|Any CPU
		{A2500BD2-A9A2-4085-9978-DEE3675B02DD}.SdkRel|iPhoneSimulator.ActiveCfg = Release|Any CPU
		{A2500BD2-A9A2-4085-9978-DEE3675B02DD}.SdkRel|iPhoneSimulator.Build.0 = Release|Any CPU
		{A2500BD2-A9A2-4085-9978-DEE3675B02DD}.SdkRel|Mixed Platforms.ActiveCfg = Release|Any CPU
		{A2500BD2-A9A2-4085-9978-DEE3675B02DD}.SdkRel|Mixed Platforms.Build.0 = Release|Any CPU
		{A2500BD2-A9A2-4085-9978-DEE3675B02DD}.SdkRel|x64.ActiveCfg = Release|Any CPU
		{A2500BD2-A9A2-4085-9978-DEE3675B02DD}.SdkRel|x64.Build.0 = Release|Any CPU
		{A2500BD2-A9A2-4085-9978-DEE3675B02DD}.SdkRel|x86.ActiveCfg = Release|Any CPU
		{A2500BD2-A9A2-4085-9978-DEE3675B02DD}.SdkRel|x86.Build.0 = Release|Any CPU
		{A2500BD2-A9A2-4085-9978-DEE3675B02DD}.Signed|Any CPU.ActiveCfg = Release|Any CPU
		{A2500BD2-A9A2-4085-9978-DEE3675B02DD}.Signed|Any CPU.Build.0 = Release|Any CPU
		{A2500BD2-A9A2-4085-9978-DEE3675B02DD}.Signed|ARM.ActiveCfg = Release|Any CPU
		{A2500BD2-A9A2-4085-9978-DEE3675B02DD}.Signed|ARM.Build.0 = Release|Any CPU
		{A2500BD2-A9A2-4085-9978-DEE3675B02DD}.Signed|iPhone.ActiveCfg = Release|Any CPU
		{A2500BD2-A9A2-4085-9978-DEE3675B02DD}.Signed|iPhone.Build.0 = Release|Any CPU
		{A2500BD2-A9A2-4085-9978-DEE3675B02DD}.Signed|iPhoneSimulator.ActiveCfg = Release|Any CPU
		{A2500BD2-A9A2-4085-9978-DEE3675B02DD}.Signed|iPhoneSimulator.Build.0 = Release|Any CPU
		{A2500BD2-A9A2-4085-9978-DEE3675B02DD}.Signed|Mixed Platforms.ActiveCfg = Release|Any CPU
		{A2500BD2-A9A2-4085-9978-DEE3675B02DD}.Signed|Mixed Platforms.Build.0 = Release|Any CPU
		{A2500BD2-A9A2-4085-9978-DEE3675B02DD}.Signed|x64.ActiveCfg = Release|Any CPU
		{A2500BD2-A9A2-4085-9978-DEE3675B02DD}.Signed|x64.Build.0 = Release|Any CPU
		{A2500BD2-A9A2-4085-9978-DEE3675B02DD}.Signed|x86.ActiveCfg = Release|Any CPU
		{A2500BD2-A9A2-4085-9978-DEE3675B02DD}.Signed|x86.Build.0 = Release|Any CPU
		{36A77431-95A0-4AA7-924A-A8F6C6C631C6}.AppStore|Any CPU.ActiveCfg = SdkRel|Any CPU
		{36A77431-95A0-4AA7-924A-A8F6C6C631C6}.AppStore|Any CPU.Build.0 = SdkRel|Any CPU
		{36A77431-95A0-4AA7-924A-A8F6C6C631C6}.AppStore|Any CPU.Deploy.0 = SdkRel|Any CPU
		{36A77431-95A0-4AA7-924A-A8F6C6C631C6}.AppStore|ARM.ActiveCfg = SdkRel|Any CPU
		{36A77431-95A0-4AA7-924A-A8F6C6C631C6}.AppStore|iPhone.ActiveCfg = SdkRel|Any CPU
		{36A77431-95A0-4AA7-924A-A8F6C6C631C6}.AppStore|iPhoneSimulator.ActiveCfg = SdkRel|Any CPU
		{36A77431-95A0-4AA7-924A-A8F6C6C631C6}.AppStore|Mixed Platforms.ActiveCfg = SdkRel|Any CPU
		{36A77431-95A0-4AA7-924A-A8F6C6C631C6}.AppStore|Mixed Platforms.Build.0 = SdkRel|Any CPU
		{36A77431-95A0-4AA7-924A-A8F6C6C631C6}.AppStore|Mixed Platforms.Deploy.0 = SdkRel|Any CPU
		{36A77431-95A0-4AA7-924A-A8F6C6C631C6}.AppStore|x64.ActiveCfg = SdkRel|Any CPU
		{36A77431-95A0-4AA7-924A-A8F6C6C631C6}.AppStore|x86.ActiveCfg = SdkRel|Any CPU
		{36A77431-95A0-4AA7-924A-A8F6C6C631C6}.Debug|Any CPU.ActiveCfg = Debug|Any CPU
		{36A77431-95A0-4AA7-924A-A8F6C6C631C6}.Debug|Any CPU.Build.0 = Debug|Any CPU
		{36A77431-95A0-4AA7-924A-A8F6C6C631C6}.Debug|Any CPU.Deploy.0 = Debug|Any CPU
		{36A77431-95A0-4AA7-924A-A8F6C6C631C6}.Debug|ARM.ActiveCfg = Debug|Any CPU
		{36A77431-95A0-4AA7-924A-A8F6C6C631C6}.Debug|iPhone.ActiveCfg = Debug|Any CPU
		{36A77431-95A0-4AA7-924A-A8F6C6C631C6}.Debug|iPhoneSimulator.ActiveCfg = Debug|Any CPU
		{36A77431-95A0-4AA7-924A-A8F6C6C631C6}.Debug|Mixed Platforms.ActiveCfg = Debug|Any CPU
		{36A77431-95A0-4AA7-924A-A8F6C6C631C6}.Debug|Mixed Platforms.Build.0 = Debug|Any CPU
		{36A77431-95A0-4AA7-924A-A8F6C6C631C6}.Debug|Mixed Platforms.Deploy.0 = Debug|Any CPU
		{36A77431-95A0-4AA7-924A-A8F6C6C631C6}.Debug|x64.ActiveCfg = Debug|Any CPU
		{36A77431-95A0-4AA7-924A-A8F6C6C631C6}.Debug|x86.ActiveCfg = Debug|Any CPU
		{36A77431-95A0-4AA7-924A-A8F6C6C631C6}.Debug|x86.Build.0 = Debug|Any CPU
		{36A77431-95A0-4AA7-924A-A8F6C6C631C6}.Debug|x86.Deploy.0 = Debug|Any CPU
		{36A77431-95A0-4AA7-924A-A8F6C6C631C6}.Release|Any CPU.ActiveCfg = Release|Any CPU
		{36A77431-95A0-4AA7-924A-A8F6C6C631C6}.Release|Any CPU.Build.0 = Release|Any CPU
		{36A77431-95A0-4AA7-924A-A8F6C6C631C6}.Release|Any CPU.Deploy.0 = Release|Any CPU
		{36A77431-95A0-4AA7-924A-A8F6C6C631C6}.Release|ARM.ActiveCfg = Release|Any CPU
		{36A77431-95A0-4AA7-924A-A8F6C6C631C6}.Release|iPhone.ActiveCfg = Release|Any CPU
		{36A77431-95A0-4AA7-924A-A8F6C6C631C6}.Release|iPhoneSimulator.ActiveCfg = Release|Any CPU
		{36A77431-95A0-4AA7-924A-A8F6C6C631C6}.Release|Mixed Platforms.ActiveCfg = Release|Any CPU
		{36A77431-95A0-4AA7-924A-A8F6C6C631C6}.Release|Mixed Platforms.Build.0 = Release|Any CPU
		{36A77431-95A0-4AA7-924A-A8F6C6C631C6}.Release|Mixed Platforms.Deploy.0 = Release|Any CPU
		{36A77431-95A0-4AA7-924A-A8F6C6C631C6}.Release|x64.ActiveCfg = Release|Any CPU
		{36A77431-95A0-4AA7-924A-A8F6C6C631C6}.Release|x86.ActiveCfg = Release|Any CPU
		{36A77431-95A0-4AA7-924A-A8F6C6C631C6}.SdkRel|Any CPU.ActiveCfg = SdkRel|Any CPU
		{36A77431-95A0-4AA7-924A-A8F6C6C631C6}.SdkRel|Any CPU.Build.0 = SdkRel|Any CPU
		{36A77431-95A0-4AA7-924A-A8F6C6C631C6}.SdkRel|Any CPU.Deploy.0 = SdkRel|Any CPU
		{36A77431-95A0-4AA7-924A-A8F6C6C631C6}.SdkRel|ARM.ActiveCfg = SdkRel|Any CPU
		{36A77431-95A0-4AA7-924A-A8F6C6C631C6}.SdkRel|iPhone.ActiveCfg = SdkRel|Any CPU
		{36A77431-95A0-4AA7-924A-A8F6C6C631C6}.SdkRel|iPhoneSimulator.ActiveCfg = SdkRel|Any CPU
		{36A77431-95A0-4AA7-924A-A8F6C6C631C6}.SdkRel|Mixed Platforms.ActiveCfg = SdkRel|Any CPU
		{36A77431-95A0-4AA7-924A-A8F6C6C631C6}.SdkRel|Mixed Platforms.Build.0 = SdkRel|Any CPU
		{36A77431-95A0-4AA7-924A-A8F6C6C631C6}.SdkRel|Mixed Platforms.Deploy.0 = SdkRel|Any CPU
		{36A77431-95A0-4AA7-924A-A8F6C6C631C6}.SdkRel|x64.ActiveCfg = SdkRel|Any CPU
		{36A77431-95A0-4AA7-924A-A8F6C6C631C6}.SdkRel|x86.ActiveCfg = SdkRel|Any CPU
		{36A77431-95A0-4AA7-924A-A8F6C6C631C6}.Signed|Any CPU.ActiveCfg = SdkRel|Any CPU
		{36A77431-95A0-4AA7-924A-A8F6C6C631C6}.Signed|Any CPU.Build.0 = SdkRel|Any CPU
		{36A77431-95A0-4AA7-924A-A8F6C6C631C6}.Signed|Any CPU.Deploy.0 = SdkRel|Any CPU
		{36A77431-95A0-4AA7-924A-A8F6C6C631C6}.Signed|ARM.ActiveCfg = SdkRel|Any CPU
		{36A77431-95A0-4AA7-924A-A8F6C6C631C6}.Signed|iPhone.ActiveCfg = SdkRel|Any CPU
		{36A77431-95A0-4AA7-924A-A8F6C6C631C6}.Signed|iPhoneSimulator.ActiveCfg = SdkRel|Any CPU
		{36A77431-95A0-4AA7-924A-A8F6C6C631C6}.Signed|Mixed Platforms.ActiveCfg = SdkRel|Any CPU
		{36A77431-95A0-4AA7-924A-A8F6C6C631C6}.Signed|Mixed Platforms.Build.0 = SdkRel|Any CPU
		{36A77431-95A0-4AA7-924A-A8F6C6C631C6}.Signed|Mixed Platforms.Deploy.0 = SdkRel|Any CPU
		{36A77431-95A0-4AA7-924A-A8F6C6C631C6}.Signed|x64.ActiveCfg = SdkRel|Any CPU
		{36A77431-95A0-4AA7-924A-A8F6C6C631C6}.Signed|x86.ActiveCfg = SdkRel|Any CPU
		{977A5F48-B0F3-4860-AA1A-5B3081ED7D98}.AppStore|Any CPU.ActiveCfg = SdkRel|iPhoneSimulator
		{977A5F48-B0F3-4860-AA1A-5B3081ED7D98}.AppStore|Any CPU.Build.0 = SdkRel|iPhoneSimulator
		{977A5F48-B0F3-4860-AA1A-5B3081ED7D98}.AppStore|ARM.ActiveCfg = SdkRel|iPhoneSimulator
		{977A5F48-B0F3-4860-AA1A-5B3081ED7D98}.AppStore|ARM.Build.0 = SdkRel|iPhoneSimulator
		{977A5F48-B0F3-4860-AA1A-5B3081ED7D98}.AppStore|iPhone.ActiveCfg = SdkRel|iPhone
		{977A5F48-B0F3-4860-AA1A-5B3081ED7D98}.AppStore|iPhone.Build.0 = SdkRel|iPhone
		{977A5F48-B0F3-4860-AA1A-5B3081ED7D98}.AppStore|iPhoneSimulator.ActiveCfg = SdkRel|iPhoneSimulator
		{977A5F48-B0F3-4860-AA1A-5B3081ED7D98}.AppStore|iPhoneSimulator.Build.0 = SdkRel|iPhoneSimulator
		{977A5F48-B0F3-4860-AA1A-5B3081ED7D98}.AppStore|Mixed Platforms.ActiveCfg = SdkRel|iPhoneSimulator
		{977A5F48-B0F3-4860-AA1A-5B3081ED7D98}.AppStore|Mixed Platforms.Build.0 = SdkRel|iPhoneSimulator
		{977A5F48-B0F3-4860-AA1A-5B3081ED7D98}.AppStore|x64.ActiveCfg = SdkRel|iPhoneSimulator
		{977A5F48-B0F3-4860-AA1A-5B3081ED7D98}.AppStore|x64.Build.0 = SdkRel|iPhoneSimulator
		{977A5F48-B0F3-4860-AA1A-5B3081ED7D98}.AppStore|x86.ActiveCfg = SdkRel|iPhoneSimulator
		{977A5F48-B0F3-4860-AA1A-5B3081ED7D98}.AppStore|x86.Build.0 = SdkRel|iPhoneSimulator
		{977A5F48-B0F3-4860-AA1A-5B3081ED7D98}.Debug|Any CPU.ActiveCfg = Debug|iPhone
		{977A5F48-B0F3-4860-AA1A-5B3081ED7D98}.Debug|ARM.ActiveCfg = Debug|iPhone
		{977A5F48-B0F3-4860-AA1A-5B3081ED7D98}.Debug|iPhone.ActiveCfg = Debug|iPhone
		{977A5F48-B0F3-4860-AA1A-5B3081ED7D98}.Debug|iPhone.Build.0 = Debug|iPhone
		{977A5F48-B0F3-4860-AA1A-5B3081ED7D98}.Debug|iPhoneSimulator.ActiveCfg = Debug|iPhoneSimulator
		{977A5F48-B0F3-4860-AA1A-5B3081ED7D98}.Debug|iPhoneSimulator.Build.0 = Debug|iPhoneSimulator
		{977A5F48-B0F3-4860-AA1A-5B3081ED7D98}.Debug|Mixed Platforms.ActiveCfg = Debug|iPhoneSimulator
		{977A5F48-B0F3-4860-AA1A-5B3081ED7D98}.Debug|Mixed Platforms.Build.0 = Debug|iPhoneSimulator
		{977A5F48-B0F3-4860-AA1A-5B3081ED7D98}.Debug|x64.ActiveCfg = Debug|iPhone
		{977A5F48-B0F3-4860-AA1A-5B3081ED7D98}.Debug|x86.ActiveCfg = Debug|iPhone
		{977A5F48-B0F3-4860-AA1A-5B3081ED7D98}.Release|Any CPU.ActiveCfg = Release|iPhone
		{977A5F48-B0F3-4860-AA1A-5B3081ED7D98}.Release|ARM.ActiveCfg = Release|iPhone
		{977A5F48-B0F3-4860-AA1A-5B3081ED7D98}.Release|iPhone.ActiveCfg = Release|iPhone
		{977A5F48-B0F3-4860-AA1A-5B3081ED7D98}.Release|iPhone.Build.0 = Release|iPhone
		{977A5F48-B0F3-4860-AA1A-5B3081ED7D98}.Release|iPhoneSimulator.ActiveCfg = Release|iPhoneSimulator
		{977A5F48-B0F3-4860-AA1A-5B3081ED7D98}.Release|iPhoneSimulator.Build.0 = Release|iPhoneSimulator
		{977A5F48-B0F3-4860-AA1A-5B3081ED7D98}.Release|Mixed Platforms.ActiveCfg = Release|iPhone
		{977A5F48-B0F3-4860-AA1A-5B3081ED7D98}.Release|Mixed Platforms.Build.0 = Release|iPhone
		{977A5F48-B0F3-4860-AA1A-5B3081ED7D98}.Release|x64.ActiveCfg = Release|iPhone
		{977A5F48-B0F3-4860-AA1A-5B3081ED7D98}.Release|x86.ActiveCfg = Release|iPhone
		{977A5F48-B0F3-4860-AA1A-5B3081ED7D98}.SdkRel|Any CPU.ActiveCfg = SdkRel|iPhone
		{977A5F48-B0F3-4860-AA1A-5B3081ED7D98}.SdkRel|ARM.ActiveCfg = SdkRel|iPhone
		{977A5F48-B0F3-4860-AA1A-5B3081ED7D98}.SdkRel|iPhone.ActiveCfg = SdkRel|iPhone
		{977A5F48-B0F3-4860-AA1A-5B3081ED7D98}.SdkRel|iPhone.Build.0 = SdkRel|iPhone
		{977A5F48-B0F3-4860-AA1A-5B3081ED7D98}.SdkRel|iPhoneSimulator.ActiveCfg = SdkRel|iPhoneSimulator
		{977A5F48-B0F3-4860-AA1A-5B3081ED7D98}.SdkRel|iPhoneSimulator.Build.0 = SdkRel|iPhoneSimulator
		{977A5F48-B0F3-4860-AA1A-5B3081ED7D98}.SdkRel|Mixed Platforms.ActiveCfg = SdkRel|iPhone
		{977A5F48-B0F3-4860-AA1A-5B3081ED7D98}.SdkRel|Mixed Platforms.Build.0 = SdkRel|iPhone
		{977A5F48-B0F3-4860-AA1A-5B3081ED7D98}.SdkRel|x64.ActiveCfg = SdkRel|iPhone
		{977A5F48-B0F3-4860-AA1A-5B3081ED7D98}.SdkRel|x86.ActiveCfg = SdkRel|iPhone
		{977A5F48-B0F3-4860-AA1A-5B3081ED7D98}.Signed|Any CPU.ActiveCfg = SdkRel|iPhone
		{977A5F48-B0F3-4860-AA1A-5B3081ED7D98}.Signed|ARM.ActiveCfg = SdkRel|iPhone
		{977A5F48-B0F3-4860-AA1A-5B3081ED7D98}.Signed|iPhone.ActiveCfg = SdkRel|iPhone
		{977A5F48-B0F3-4860-AA1A-5B3081ED7D98}.Signed|iPhone.Build.0 = SdkRel|iPhone
		{977A5F48-B0F3-4860-AA1A-5B3081ED7D98}.Signed|iPhoneSimulator.ActiveCfg = SdkRel|iPhoneSimulator
		{977A5F48-B0F3-4860-AA1A-5B3081ED7D98}.Signed|iPhoneSimulator.Build.0 = SdkRel|iPhoneSimulator
		{977A5F48-B0F3-4860-AA1A-5B3081ED7D98}.Signed|Mixed Platforms.ActiveCfg = SdkRel|iPhone
		{977A5F48-B0F3-4860-AA1A-5B3081ED7D98}.Signed|Mixed Platforms.Build.0 = SdkRel|iPhone
		{977A5F48-B0F3-4860-AA1A-5B3081ED7D98}.Signed|x64.ActiveCfg = SdkRel|iPhone
		{977A5F48-B0F3-4860-AA1A-5B3081ED7D98}.Signed|x86.ActiveCfg = SdkRel|iPhone
	EndGlobalSection
	GlobalSection(SolutionProperties) = preSolution
		HideSolutionNode = FALSE
	EndGlobalSection
	GlobalSection(NestedProjects) = preSolution
		{D8BBC92A-B213-463B-911D-3A106F91D5F9} = {45E57CDC-7178-4915-8D0B-CF80F5E44AF6}
		{A2500BD2-A9A2-4085-9978-DEE3675B02DD} = {45E57CDC-7178-4915-8D0B-CF80F5E44AF6}
		{36A77431-95A0-4AA7-924A-A8F6C6C631C6} = {45E57CDC-7178-4915-8D0B-CF80F5E44AF6}
		{977A5F48-B0F3-4860-AA1A-5B3081ED7D98} = {45E57CDC-7178-4915-8D0B-CF80F5E44AF6}
	EndGlobalSection
	GlobalSection(ExtensibilityGlobals) = postSolution
		SolutionGuid = {6416CC66-584C-43E2-8F7C-5EAB23B60624}
	EndGlobalSection
EndGlobal
